# This file is generated by running "yarn install" inside your project.
# Manual changes might be lost - proceed with caution!

__metadata:
  version: 6
  cacheKey: 8c0

"@humanwhocodes/momoa@npm:^2.0.3":
  version: 2.0.3
  resolution: "@humanwhocodes/momoa@npm:2.0.3"
  checksum: facc62f34e55ff37d260f9d60abe4100db1bc71473c5b4fd877ecd24a8348b69830000aee30b09a8707e2f1e57ebd324d6b64f2612ed4529cab68df87e561a75
  languageName: node
  linkType: hard

"@yarnpkg/lockfile@npm:^1.1.0":
  version: 1.1.0
  resolution: "@yarnpkg/lockfile@npm:1.1.0"
  checksum: 0bfa50a3d756623d1f3409bc23f225a1d069424dbc77c6fd2f14fb377390cd57ec703dc70286e081c564be9051ead9ba85d81d66a3e68eeb6eb506d4e0c0fbda
  languageName: node
  linkType: hard

"acorn-node@npm:^1.3.0":
  version: 1.8.2
  resolution: "acorn-node@npm:1.8.2"
  dependencies:
    acorn: ^7.0.0
    acorn-walk: ^7.0.0
    xtend: ^4.0.2
  checksum: e9a20dae515701cd3d03812929a7f74c4363fdcb4c74d762f7c43566dc87175ad817aa281ba11c88dabf5e8d35aec590073393c02a04bbdcfda58c2f320d08ac
  languageName: node
  linkType: hard

"acorn-walk@npm:^7.0.0":
  version: 7.2.0
  resolution: "acorn-walk@npm:7.2.0"
  checksum: ff99f3406ed8826f7d6ef6ac76b7608f099d45a1ff53229fa267125da1924188dbacf02e7903dfcfd2ae4af46f7be8847dc7d564c73c4e230dfb69c8ea8e6b4c
  languageName: node
  linkType: hard

"acorn@npm:^7.0.0":
  version: 7.4.1
  resolution: "acorn@npm:7.4.1"
  bin:
    acorn: bin/acorn
  checksum: bd0b2c2b0f334bbee48828ff897c12bd2eb5898d03bf556dcc8942022cec795ac5bb5b6b585e2de687db6231faf07e096b59a361231dd8c9344d5df5f7f0e526
  languageName: node
  linkType: hard

"ansi-regex@npm:^5.0.1":
  version: 5.0.1
  resolution: "ansi-regex@npm:5.0.1"
  checksum: 9a64bb8627b434ba9327b60c027742e5d17ac69277960d041898596271d992d4d52ba7267a63ca10232e29f6107fc8a835f6ce8d719b88c5f8493f8254813737
  languageName: node
  linkType: hard

"ansi-styles@npm:^4.0.0, ansi-styles@npm:^4.1.0":
  version: 4.3.0
  resolution: "ansi-styles@npm:4.3.0"
  dependencies:
    color-convert: ^2.0.1
  checksum: 895a23929da416f2bd3de7e9cb4eabd340949328ab85ddd6e484a637d8f6820d485f53933446f5291c3b760cbc488beb8e88573dd0f9c7daf83dccc8fe81b041
  languageName: node
  linkType: hard

"array-from@npm:^2.1.1":
  version: 2.1.1
  resolution: "array-from@npm:2.1.1"
  checksum: 565fe078a3fb8be3d1b17d1b1a6b514d14d7f6c7349fb1de0b0f4cb7e0e4ffb6d35e03ff234ac978cffb67fc8f1e93e477271b70fe2f9e0ef76d10b0402d4d26
  languageName: node
  linkType: hard

"astq@npm:2.7.5":
  version: 2.7.5
  resolution: "astq@npm:2.7.5"
  dependencies:
    asty: 1.8.14
    cache-lru: 1.1.11
    pegjs: 0.10.0
    pegjs-otf: 1.2.17
    pegjs-util: 1.4.20
  checksum: a47b69848d136594854c924bca1b05ec15aa496564b598bd1559484b471c33fb937b6027fd411bb1053e20c548af019d7b6c6ccb44d1c43714935f5b00c84744
  languageName: node
  linkType: hard

"asty-astq@npm:1.13.4":
  version: 1.13.4
  resolution: "asty-astq@npm:1.13.4"
  dependencies:
    astq: 2.7.5
    asty: 1.8.14
  checksum: 90d9fb99f962fa6bb6a9009cd61b32df36f738cf3465b49f30431e7e52998bde5915d727abdf55df70209f1cb3016d031ff311425e94c95a18373e298aeb56a3
  languageName: node
  linkType: hard

"asty@npm:1.8.14":
  version: 1.8.14
  resolution: "asty@npm:1.8.14"
  checksum: 97fe9d4e8f325da8cf560291fc9c39ea8bd0f6a3c643eb9eb223c26c84566b07ee40a8c619540821a358ef8ac8a0bee290f53997d1d17447788386753f76d675
  languageName: node
  linkType: hard

"buffer-from@npm:^1.0.0":
  version: 1.1.2
  resolution: "buffer-from@npm:1.1.2"
  checksum: 124fff9d66d691a86d3b062eff4663fe437a9d9ee4b47b1b9e97f5a5d14f6d5399345db80f796827be7c95e70a8e765dd404b7c3ff3b3324f98e9b0c8826cc34
  languageName: node
  linkType: hard

"cache-lru@npm:1.1.11":
  version: 1.1.11
  resolution: "cache-lru@npm:1.1.11"
  checksum: 301d5632dba60b25a5a394f9776db7f7bb844a70083e47be7d1a8eeb1a4adb3e8d22bcefa6722564779fb5f789a2c4551fc64ce4d1492ae08616cd79fa395640
  languageName: node
  linkType: hard

"caretify@workspace:.":
  version: 0.0.0-use.local
  resolution: "caretify@workspace:."
  dependencies:
    "@humanwhocodes/momoa": ^2.0.3
    "@yarnpkg/lockfile": ^1.1.0
    estraverse: ^5.3.0
    json-ast-comments: ^1.1.0
    json-asty: ^1.0.5
    semver: ^7.3.5
    yargs: ^17.3.1
  bin:
    caretify: src/cli.js
  languageName: unknown
  linkType: soft

"chalk@npm:4.1.0":
  version: 4.1.0
  resolution: "chalk@npm:4.1.0"
  dependencies:
    ansi-styles: ^4.1.0
    supports-color: ^7.1.0
  checksum: 3787bd65ecd98ab3a1acc3b4f71d006268a675875e49ee6ea75fb54ba73d268b97544368358c18c42445e408e076ae8ad5cec8fbad36942a2c7ac654883dc61e
  languageName: node
  linkType: hard

"cliui@npm:^7.0.2":
  version: 7.0.4
  resolution: "cliui@npm:7.0.4"
  dependencies:
    string-width: ^4.2.0
    strip-ansi: ^6.0.0
    wrap-ansi: ^7.0.0
  checksum: 6035f5daf7383470cef82b3d3db00bec70afb3423538c50394386ffbbab135e26c3689c41791f911fa71b62d13d3863c712fdd70f0fbdffd938a1e6fd09aac00
  languageName: node
  linkType: hard

"color-convert@npm:^2.0.1":
  version: 2.0.1
  resolution: "color-convert@npm:2.0.1"
  dependencies:
    color-name: ~1.1.4
  checksum: 37e1150172f2e311fe1b2df62c6293a342ee7380da7b9cfdba67ea539909afbd74da27033208d01d6d5cfc65ee7868a22e18d7e7648e004425441c0f8a15a7d7
  languageName: node
  linkType: hard

"color-name@npm:~1.1.4":
  version: 1.1.4
  resolution: "color-name@npm:1.1.4"
  checksum: a1a3f914156960902f46f7f56bc62effc6c94e84b2cae157a526b1c1f74b677a47ec602bf68a61abfa2b42d15b7c5651c6dbe72a43af720bc588dff885b10f95
  languageName: node
  linkType: hard

"concat-stream@npm:~1.6.0":
  version: 1.6.2
  resolution: "concat-stream@npm:1.6.2"
  dependencies:
    buffer-from: ^1.0.0
    inherits: ^2.0.3
    readable-stream: ^2.2.2
    typedarray: ^0.0.6
  checksum: 2e9864e18282946dabbccb212c5c7cec0702745e3671679eb8291812ca7fd12023f7d8cb36493942a62f770ac96a7f90009dc5c82ad69893438371720fa92617
  languageName: node
  linkType: hard

"convert-source-map@npm:^1.5.1":
  version: 1.8.0
  resolution: "convert-source-map@npm:1.8.0"
  dependencies:
    safe-buffer: ~5.1.1
  checksum: da4649990b633c070c0dab1680b89a67b9315dd2b1168d143536f667214c97e4eb4a49e5b7ff912f0196fe303e31fc16a529457436d25b2b5a89613eaf4f27fa
  languageName: node
  linkType: hard

"core-util-is@npm:~1.0.0":
  version: 1.0.3
  resolution: "core-util-is@npm:1.0.3"
  checksum: 90a0e40abbddfd7618f8ccd63a74d88deea94e77d0e8dbbea059fa7ebebb8fbb4e2909667fe26f3a467073de1a542ebe6ae4c73a73745ac5833786759cd906c9
  languageName: node
  linkType: hard

"d@npm:1, d@npm:^1.0.1":
  version: 1.0.1
  resolution: "d@npm:1.0.1"
  dependencies:
    es5-ext: ^0.10.50
    type: ^1.0.1
  checksum: 1fedcb3b956a461f64d86b94b347441beff5cef8910b6ac4ec509a2c67eeaa7093660a98b26601ac91f91260238add73bdf25867a9c0cb783774642bc4c1523f
  languageName: node
  linkType: hard

"dash-ast@npm:^2.0.1":
  version: 2.0.1
  resolution: "dash-ast@npm:2.0.1"
  checksum: 7729c7b2f5c80389066e5a9fb2da4a1c2338d888c801f6e32c4620c7b9b4980cd8d79bf2e15972b82f212025239aaa970cab491612545e1587ceba0c091a90de
  languageName: node
  linkType: hard

"deep-is@npm:~0.1.3":
  version: 0.1.4
  resolution: "deep-is@npm:0.1.4"
  checksum: 7f0ee496e0dff14a573dc6127f14c95061b448b87b995fc96c017ce0a1e66af1675e73f1d6064407975bc4ea6ab679497a29fff7b5b9c4e99cb10797c1ad0b4c
  languageName: node
  linkType: hard

"duplexer2@npm:~0.1.4":
  version: 0.1.4
  resolution: "duplexer2@npm:0.1.4"
  dependencies:
    readable-stream: ^2.0.2
  checksum: 0765a4cc6fe6d9615d43cc6dbccff6f8412811d89a6f6aa44828ca9422a0a469625ce023bf81cee68f52930dbedf9c5716056ff264ac886612702d134b5e39b4
  languageName: node
  linkType: hard

"emoji-regex@npm:^8.0.0":
  version: 8.0.0
  resolution: "emoji-regex@npm:8.0.0"
  checksum: b6053ad39951c4cf338f9092d7bfba448cdfd46fe6a2a034700b149ac9ffbc137e361cbd3c442297f86bed2e5f7576c1b54cc0a6bf8ef5106cc62f496af35010
  languageName: node
  linkType: hard

"es5-ext@npm:^0.10.35, es5-ext@npm:^0.10.50, es5-ext@npm:~0.10.14":
  version: 0.10.53
  resolution: "es5-ext@npm:0.10.53"
  dependencies:
    es6-iterator: ~2.0.3
    es6-symbol: ~3.1.3
    next-tick: ~1.0.0
  checksum: 02989b89e777264756696baf64b6daf54e0be631b09870dfab8473e81129303c2791a001bf1f06bb38bf008403a0daad02e8001cb419ad8e4430452400ecd771
  languageName: node
  linkType: hard

"es6-iterator@npm:~2.0.1, es6-iterator@npm:~2.0.3":
  version: 2.0.3
  resolution: "es6-iterator@npm:2.0.3"
  dependencies:
    d: 1
    es5-ext: ^0.10.35
    es6-symbol: ^3.1.1
  checksum: 91f20b799dba28fb05bf623c31857fc1524a0f1c444903beccaf8929ad196c8c9ded233e5ac7214fc63a92b3f25b64b7f2737fcca8b1f92d2d96cf3ac902f5d8
  languageName: node
  linkType: hard

"es6-map@npm:^0.1.5":
  version: 0.1.5
  resolution: "es6-map@npm:0.1.5"
  dependencies:
    d: 1
    es5-ext: ~0.10.14
    es6-iterator: ~2.0.1
    es6-set: ~0.1.5
    es6-symbol: ~3.1.1
    event-emitter: ~0.3.5
  checksum: 62fe1a90ead1704bed699cb9c975e642023f590d5338c2a640d60ce0a846de7d5197561393ac03dd11473b96087cf8793c9e4836fe05ad4d2ef6afda6b9a3511
  languageName: node
  linkType: hard

"es6-set@npm:^0.1.5, es6-set@npm:~0.1.5":
  version: 0.1.5
  resolution: "es6-set@npm:0.1.5"
  dependencies:
    d: 1
    es5-ext: ~0.10.14
    es6-iterator: ~2.0.1
    es6-symbol: 3.1.1
    event-emitter: ~0.3.5
  checksum: a1fe925f77bd529b7b5135ca1a8bc9ff378fa0e3fd9686f3ac1b8e87eb00fbffc100e81a3c44262cd324cbfcc772d7a75ca5471e3fb24247ac85c5beb6af0d14
  languageName: node
  linkType: hard

"es6-symbol@npm:3.1.1":
  version: 3.1.1
  resolution: "es6-symbol@npm:3.1.1"
  dependencies:
    d: 1
    es5-ext: ~0.10.14
  checksum: eb4ec788a99dc2c04e5e9abd90f478991425a881eced99a7165eada0c832bfc9a8fbb76b688c3c3b6e103f94d23e8e19addf9cf18abb537fb918d066d5ce1d7f
  languageName: node
  linkType: hard

"es6-symbol@npm:^3.1.1, es6-symbol@npm:~3.1.1, es6-symbol@npm:~3.1.3":
  version: 3.1.3
  resolution: "es6-symbol@npm:3.1.3"
  dependencies:
    d: ^1.0.1
    ext: ^1.1.2
  checksum: 22982f815f00df553a89f4fb74c5048fed85df598482b4bd38dbd173174247949c72982a7d7132a58b147525398400e5f182db59b0916cb49f1e245fb0e22233
  languageName: node
  linkType: hard

"escalade@npm:^3.1.1":
  version: 3.1.1
  resolution: "escalade@npm:3.1.1"
  checksum: afd02e6ca91ffa813e1108b5e7756566173d6bc0d1eb951cb44d6b21702ec17c1cf116cfe75d4a2b02e05acb0b808a7a9387d0d1ca5cf9c04ad03a8445c3e46d
  languageName: node
  linkType: hard

"escodegen@npm:^1.11.1":
  version: 1.14.3
  resolution: "escodegen@npm:1.14.3"
  dependencies:
    esprima: ^4.0.1
    estraverse: ^4.2.0
    esutils: ^2.0.2
    optionator: ^0.8.1
    source-map: ~0.6.1
  dependenciesMeta:
    source-map:
      optional: true
  bin:
    escodegen: bin/escodegen.js
    esgenerate: bin/esgenerate.js
  checksum: 30d337803e8f44308c90267bf6192399e4b44792497c77a7506b68ab802ba6a48ebbe1ce77b219aba13dfd2de5f5e1c267e35be1ed87b2a9c3315e8b283e302a
  languageName: node
  linkType: hard

"esprima@npm:^4.0.1":
  version: 4.0.1
  resolution: "esprima@npm:4.0.1"
  bin:
    esparse: ./bin/esparse.js
    esvalidate: ./bin/esvalidate.js
  checksum: ad4bab9ead0808cf56501750fd9d3fb276f6b105f987707d059005d57e182d18a7c9ec7f3a01794ebddcca676773e42ca48a32d67a250c9d35e009ca613caba3
  languageName: node
  linkType: hard

"estraverse@npm:^4.2.0":
  version: 4.3.0
  resolution: "estraverse@npm:4.3.0"
  checksum: 9cb46463ef8a8a4905d3708a652d60122a0c20bb58dec7e0e12ab0e7235123d74214fc0141d743c381813e1b992767e2708194f6f6e0f9fd00c1b4e0887b8b6d
  languageName: node
  linkType: hard

"estraverse@npm:^5.3.0":
  version: 5.3.0
  resolution: "estraverse@npm:5.3.0"
  checksum: 1ff9447b96263dec95d6d67431c5e0771eb9776427421260a3e2f0fdd5d6bd4f8e37a7338f5ad2880c9f143450c9b1e4fc2069060724570a49cf9cf0312bd107
  languageName: node
  linkType: hard

"estree-is-function@npm:^1.0.0":
  version: 1.0.0
  resolution: "estree-is-function@npm:1.0.0"
  checksum: 1bf354fd0dc7f0cf2535c46b752c58ad37384ad68281d48d3899b39d9247c33ca859ed1de94da89786b4cc79f2ae868cc55c8b63e3b8b31e59e9810a9714d07f
  languageName: node
  linkType: hard

"esutils@npm:^2.0.2":
  version: 2.0.3
  resolution: "esutils@npm:2.0.3"
  checksum: 9a2fe69a41bfdade834ba7c42de4723c97ec776e40656919c62cbd13607c45e127a003f05f724a1ea55e5029a4cf2de444b13009f2af71271e42d93a637137c7
  languageName: node
  linkType: hard

"event-emitter@npm:~0.3.5":
  version: 0.3.5
  resolution: "event-emitter@npm:0.3.5"
  dependencies:
    d: 1
    es5-ext: ~0.10.14
  checksum: 75082fa8ffb3929766d0f0a063bfd6046bd2a80bea2666ebaa0cfd6f4a9116be6647c15667bea77222afc12f5b4071b68d393cf39fdaa0e8e81eda006160aff0
  languageName: node
  linkType: hard

"ext@npm:^1.1.2":
  version: 1.6.0
  resolution: "ext@npm:1.6.0"
  dependencies:
    type: ^2.5.0
  checksum: d6ff29ca86fbe4e69743d10702ece124e0239faa435a6c3b2833282787b9eace2c8cbf5d8439d0c85312255d5472d251bf3cd4c4d1b9de8f8a8090e6b43db948
  languageName: node
  linkType: hard

"fast-levenshtein@npm:~2.0.6":
  version: 2.0.6
  resolution: "fast-levenshtein@npm:2.0.6"
  checksum: 111972b37338bcb88f7d9e2c5907862c280ebf4234433b95bc611e518d192ccb2d38119c4ac86e26b668d75f7f3894f4ff5c4982899afced7ca78633b08287c4
  languageName: node
  linkType: hard

"function-bind@npm:^1.1.1":
  version: 1.1.1
  resolution: "function-bind@npm:1.1.1"
  checksum: 60b74b2407e1942e1ed7f8c284f8ef714d0689dcfce5319985a5b7da3fc727f40b4a59ec72dc55aa83365ad7b8fa4fac3a30d93c850a2b452f29ae03dbc10a1e
  languageName: node
  linkType: hard

"get-assigned-identifiers@npm:^1.1.0":
  version: 1.2.0
  resolution: "get-assigned-identifiers@npm:1.2.0"
  checksum: 11197056cac88615dddb10ef79720dd1ce844729a066ca139e447803c91a4c5d3ff127737e9598d3ef6f423c3ec5eef7828b2b10a72ec2a5a84464c5e7ac4e28
  languageName: node
  linkType: hard

"get-caller-file@npm:^2.0.5":
  version: 2.0.5
  resolution: "get-caller-file@npm:2.0.5"
  checksum: c6c7b60271931fa752aeb92f2b47e355eac1af3a2673f47c9589e8f8a41adc74d45551c1bc57b5e66a80609f10ffb72b6f575e4370d61cc3f7f3aaff01757cde
  languageName: node
  linkType: hard

"has-flag@npm:^4.0.0":
  version: 4.0.0
  resolution: "has-flag@npm:4.0.0"
  checksum: 2e789c61b7888d66993e14e8331449e525ef42aac53c627cc53d1c3334e768bcb6abdc4f5f0de1478a25beec6f0bd62c7549058b7ac53e924040d4f301f02fd1
  languageName: node
  linkType: hard

"has@npm:^1.0.1":
  version: 1.0.3
  resolution: "has@npm:1.0.3"
  dependencies:
    function-bind: ^1.1.1
  checksum: e1da0d2bd109f116b632f27782cf23182b42f14972ca9540e4c5aa7e52647407a0a4a76937334fddcb56befe94a3494825ec22b19b51f5e5507c3153fd1a5e1b
  languageName: node
  linkType: hard

"inherits@npm:^2.0.3, inherits@npm:~2.0.3":
  version: 2.0.4
  resolution: "inherits@npm:2.0.4"
  checksum: 4e531f648b29039fb7426fb94075e6545faa1eb9fe83c29f0b6d9e7263aceb4289d2d4557db0d428188eeb449cc7c5e77b0a0b2c4e248ff2a65933a0dee49ef2
  languageName: node
  linkType: hard

"is-fullwidth-code-point@npm:^3.0.0":
  version: 3.0.0
  resolution: "is-fullwidth-code-point@npm:3.0.0"
  checksum: bb11d825e049f38e04c06373a8d72782eee0205bda9d908cc550ccb3c59b99d750ff9537982e01733c1c94a58e35400661f57042158ff5e8f3e90cf936daf0fc
  languageName: node
  linkType: hard

"isarray@npm:~1.0.0":
  version: 1.0.0
  resolution: "isarray@npm:1.0.0"
  checksum: 18b5be6669be53425f0b84098732670ed4e727e3af33bc7f948aac01782110eb9a18b3b329c5323bcdd3acdaae547ee077d3951317e7f133bff7105264b3003d
  languageName: node
  linkType: hard

"json-ast-comments@npm:^1.1.0":
  version: 1.1.0
  resolution: "json-ast-comments@npm:1.1.0"
  checksum: 2515d1fa42866e559d06b642d5194402a3f9e503ab55c055441d9bcc306754a2ac03dd880120ff9651a5af261cec307a158c7298b4a5a51075166e127c450cdf
  languageName: node
  linkType: hard

"json-asty@npm:^1.0.5":
  version: 1.0.5
  resolution: "json-asty@npm:1.0.5"
  dependencies:
    asty-astq: 1.13.4
    chalk: 4.1.0
    pegjs-otf: 1.2.18
    pegjs-util: 1.4.21
  checksum: 08721ee6b47824b856eff0bf7aad97bf6ff51f3c954d11b29daa22570673eb6fcbd0260c6680e22b1f9ef4434f879b95b889edb41ea3baf40a35aeace694be4b
  languageName: node
  linkType: hard

"levn@npm:~0.3.0":
  version: 0.3.0
  resolution: "levn@npm:0.3.0"
  dependencies:
    prelude-ls: ~1.1.2
    type-check: ~0.3.2
  checksum: e440df9de4233da0b389cd55bd61f0f6aaff766400bebbccd1231b81801f6dbc1d816c676ebe8d70566394b749fa624b1ed1c68070e9c94999f0bdecc64cb676
  languageName: node
  linkType: hard

"lodash@npm:4.17.20":
  version: 4.17.20
  resolution: "lodash@npm:4.17.20"
  checksum: faec37cb9f161b766bdc078a1356a07b9eaaa867796dd2520a407fe0a6a6d7be031e8f228f0cf3d305095703ee40258616c870b8d17dcdcb16f745bf31e8c3c2
  languageName: node
  linkType: hard

"lru-cache@npm:^6.0.0":
  version: 6.0.0
  resolution: "lru-cache@npm:6.0.0"
  dependencies:
    yallist: ^4.0.0
  checksum: cb53e582785c48187d7a188d3379c181b5ca2a9c78d2bce3e7dee36f32761d1c42983da3fe12b55cb74e1779fa94cdc2e5367c028a9b35317184ede0c07a30a9
  languageName: node
  linkType: hard

"magic-string@npm:0.25.1":
  version: 0.25.1
  resolution: "magic-string@npm:0.25.1"
  dependencies:
    sourcemap-codec: ^1.4.1
  checksum: 028e49d1608932975a0499572848c916ac813cad841d8fe6ab17da47e22f47f25137b2230d88c63e517f31e3aebec71db646059079e18fe7459f634d7d1c3d3f
  languageName: node
  linkType: hard

"merge-source-map@npm:1.0.4":
  version: 1.0.4
  resolution: "merge-source-map@npm:1.0.4"
  dependencies:
    source-map: ^0.5.6
  checksum: 6a154baada8c77ee3e3aa5ff3240d1ba9203ba93c1eaee54b4ac49b6d1057b693e17913147626aae10610a23cd5e87ea962fc0ff1cc047295d8ed1155b9848da
  languageName: node
  linkType: hard

"next-tick@npm:~1.0.0":
  version: 1.0.0
  resolution: "next-tick@npm:1.0.0"
  checksum: 851058d7af979a94743ae0ae4c71f0257662a2b7129e0a159273d13782401823c154ee2e49a790e979e5b92126dbc2b5eb522eaff631b997ddf95903e7c5e9cc
  languageName: node
  linkType: hard

"object-inspect@npm:^1.6.0":
  version: 1.12.0
  resolution: "object-inspect@npm:1.12.0"
  checksum: 5ea7837f39f8da87b7cf25e81d14d21c45aae87ecbf0a5997a4d1950eacff363b85d39eab9ef6677ea36e862c708a4fe880ca2ffae1492acacdcbc963f2ee239
  languageName: node
  linkType: hard

"optionator@npm:^0.8.1":
  version: 0.8.3
  resolution: "optionator@npm:0.8.3"
  dependencies:
    deep-is: ~0.1.3
    fast-levenshtein: ~2.0.6
    levn: ~0.3.0
    prelude-ls: ~1.1.2
    type-check: ~0.3.2
    word-wrap: ~1.2.3
  checksum: ad7000ea661792b3ec5f8f86aac28895850988926f483b5f308f59f4607dfbe24c05df2d049532ee227c040081f39401a268cf7bbf3301512f74c4d760dc6dd8
  languageName: node
  linkType: hard

"pegjs-otf@npm:1.2.17":
  version: 1.2.17
  resolution: "pegjs-otf@npm:1.2.17"
  dependencies:
    lodash: 4.17.20
    pegjs: 0.10.0
    static-module: 3.0.4
    through: 2.3.8
  checksum: 7fc40dcc4ced898743b01ef87d6353fdda5c15cfd79be35b15e5043bf3eb4f68dded87acfada4d2565720b7b218065f1a284291e77902348c5bd32c005ed5a11
  languageName: node
  linkType: hard

"pegjs-otf@npm:1.2.18":
  version: 1.2.18
  resolution: "pegjs-otf@npm:1.2.18"
  dependencies:
    lodash: 4.17.20
    pegjs: 0.10.0
    static-module: 3.0.4
    through: 2.3.8
  checksum: b30efc531f9049f052ac4f7e5af76417a255ae6b32f82c661903f3b0a2aaaa0c42ed6a8a079fc2ac7008bbf5f95a5b977503b2fae78c1939d9f021521d93cf56
  languageName: node
  linkType: hard

"pegjs-util@npm:1.4.20":
  version: 1.4.20
  resolution: "pegjs-util@npm:1.4.20"
  dependencies:
    pegjs: ">=0.10.0"
  checksum: cf3227d941ff2c3f64bed8d3dc7c3cb04cd4dc7af2f682b821598bde3136a9f73895a56acf3180ae10a4387b60ce6ce8b790d065d37972722ac3a4dfd5a0c235
  languageName: node
  linkType: hard

"pegjs-util@npm:1.4.21":
  version: 1.4.21
  resolution: "pegjs-util@npm:1.4.21"
  dependencies:
    pegjs: ">=0.10.0"
  checksum: 6b5817dbd689d529b038baecbf0daa98d856ec40ddad3b7fbb5c8a63e6220e37a3f0ad7d36c83bbb4a04bf1541236f9bca2b6b77e185f67d61f136c8a708ec25
  languageName: node
  linkType: hard

"pegjs@npm:0.10.0, pegjs@npm:>=0.10.0":
  version: 0.10.0
  resolution: "pegjs@npm:0.10.0"
  bin:
    pegjs: bin/pegjs
  checksum: 51f2aee312cd506c37c21a88fee2d921ccae81697c7aa3e61f0ad8e370d8c37e2a86680993fce405f53337a56ad471f9e7f4377b2eb3c780d5cf6ae8a16ce0a5
  languageName: node
  linkType: hard

"prelude-ls@npm:~1.1.2":
  version: 1.1.2
  resolution: "prelude-ls@npm:1.1.2"
  checksum: 7284270064f74e0bb7f04eb9bff7be677e4146417e599ccc9c1200f0f640f8b11e592d94eb1b18f7aa9518031913bb42bea9c86af07ba69902864e61005d6f18
  languageName: node
  linkType: hard

"process-nextick-args@npm:~2.0.0":
  version: 2.0.1
  resolution: "process-nextick-args@npm:2.0.1"
  checksum: bec089239487833d46b59d80327a1605e1c5287eaad770a291add7f45fda1bb5e28b38e0e061add0a1d0ee0984788ce74fa394d345eed1c420cacf392c554367
  languageName: node
  linkType: hard

"readable-stream@npm:^2.0.2, readable-stream@npm:^2.2.2, readable-stream@npm:~2.3.3, readable-stream@npm:~2.3.6":
  version: 2.3.7
  resolution: "readable-stream@npm:2.3.7"
  dependencies:
    core-util-is: ~1.0.0
    inherits: ~2.0.3
    isarray: ~1.0.0
    process-nextick-args: ~2.0.0
    safe-buffer: ~5.1.1
    string_decoder: ~1.1.1
    util-deprecate: ~1.0.1
  checksum: 1708755e6cf9daff6ff60fa5b4575636472289c5b95d38058a91f94732b8d024a940a0d4d955639195ce42c22cab16973ee8fea8deedd24b5fec3dd596465f86
  languageName: node
  linkType: hard

"require-directory@npm:^2.1.1":
  version: 2.1.1
  resolution: "require-directory@npm:2.1.1"
  checksum: 83aa76a7bc1531f68d92c75a2ca2f54f1b01463cb566cf3fbc787d0de8be30c9dbc211d1d46be3497dac5785fe296f2dd11d531945ac29730643357978966e99
  languageName: node
  linkType: hard

"safe-buffer@npm:~5.1.0, safe-buffer@npm:~5.1.1":
  version: 5.1.2
  resolution: "safe-buffer@npm:5.1.2"
  checksum: 780ba6b5d99cc9a40f7b951d47152297d0e260f0df01472a1b99d4889679a4b94a13d644f7dbc4f022572f09ae9005fa2fbb93bbbd83643316f365a3e9a45b21
  languageName: node
  linkType: hard

"scope-analyzer@npm:^2.0.1":
  version: 2.1.2
  resolution: "scope-analyzer@npm:2.1.2"
  dependencies:
    array-from: ^2.1.1
    dash-ast: ^2.0.1
    es6-map: ^0.1.5
    es6-set: ^0.1.5
    es6-symbol: ^3.1.1
    estree-is-function: ^1.0.0
    get-assigned-identifiers: ^1.1.0
  checksum: fa7bcd2207357f7c5a0d4603063afc6819ca47509c118fa531d39726ebdec2650a9b248d861c0d528a094b5f38c4f6aedf6d33665d35158bdb42bbdc6407ab13
  languageName: node
  linkType: hard

"semver@npm:^7.3.5":
  version: 7.3.5
  resolution: "semver@npm:7.3.5"
  dependencies:
    lru-cache: ^6.0.0
  bin:
    semver: bin/semver.js
  checksum: d450455b2601396dbc7d9f058a6709b1c0b99d74a911f9436c77887600ffcdb5f63d5adffa0c3b8f0092937d8a41cc61c6437bcba375ef4151cb1335ebe4f1f9
  languageName: node
  linkType: hard

"shallow-copy@npm:~0.0.1":
  version: 0.0.1
  resolution: "shallow-copy@npm:0.0.1"
  checksum: ab1c762e36fa3a02cec228e111f227be0b46457a82f123c5ef13f3bc970be16b74dbfd0f1b6ffb450a66db856832800c86713ffc1ec5733d61f59f23fe114769
  languageName: node
  linkType: hard

"source-map@npm:^0.5.6":
  version: 0.5.7
  resolution: "source-map@npm:0.5.7"
  checksum: 904e767bb9c494929be013017380cbba013637da1b28e5943b566031e29df04fba57edf3f093e0914be094648b577372bd8ad247fa98cfba9c600794cd16b599
  languageName: node
  linkType: hard

"source-map@npm:~0.6.1":
  version: 0.6.1
  resolution: "source-map@npm:0.6.1"
  checksum: ab55398007c5e5532957cb0beee2368529618ac0ab372d789806f5718123cc4367d57de3904b4e6a4170eb5a0b0f41373066d02ca0735a0c4d75c7d328d3e011
  languageName: node
  linkType: hard

"sourcemap-codec@npm:^1.4.1":
  version: 1.4.8
  resolution: "sourcemap-codec@npm:1.4.8"
  checksum: f099279fdaae070ff156df7414bbe39aad69cdd615454947ed3e19136bfdfcb4544952685ee73f56e17038f4578091e12b17b283ed8ac013882916594d95b9e6
  languageName: node
  linkType: hard

"static-eval@npm:^2.0.5":
  version: 2.1.0
  resolution: "static-eval@npm:2.1.0"
  dependencies:
    escodegen: ^1.11.1
  checksum: 2f319ed0e7e9e9ae856f073d2760e23d0bb8f7a2493ef85b43584804bf274c7457843bcd1df44831b126d3c71642e618b7e0353b9b2ad69d26d3c70f397d859f
  languageName: node
  linkType: hard

"static-module@npm:3.0.4":
  version: 3.0.4
  resolution: "static-module@npm:3.0.4"
  dependencies:
    acorn-node: ^1.3.0
    concat-stream: ~1.6.0
    convert-source-map: ^1.5.1
    duplexer2: ~0.1.4
    escodegen: ^1.11.1
    has: ^1.0.1
    magic-string: 0.25.1
    merge-source-map: 1.0.4
    object-inspect: ^1.6.0
    readable-stream: ~2.3.3
    scope-analyzer: ^2.0.1
    shallow-copy: ~0.0.1
    static-eval: ^2.0.5
    through2: ~2.0.3
  checksum: fadfe810a014564c60ce69b5b4f4fb6c66375f13ae220c6f89f8f9e5449d23cfa972481cac390e79811b1f5c9e46ee82369dca0acc1f8cc6246ed8d5eb5f4a6b
  languageName: node
  linkType: hard

"string-width@npm:^4.1.0, string-width@npm:^4.2.0, string-width@npm:^4.2.3":
  version: 4.2.3
  resolution: "string-width@npm:4.2.3"
  dependencies:
    emoji-regex: ^8.0.0
    is-fullwidth-code-point: ^3.0.0
    strip-ansi: ^6.0.1
  checksum: 1e525e92e5eae0afd7454086eed9c818ee84374bb80328fc41217ae72ff5f065ef1c9d7f72da41de40c75fa8bb3dee63d92373fd492c84260a552c636392a47b
  languageName: node
  linkType: hard

"string_decoder@npm:~1.1.1":
  version: 1.1.1
  resolution: "string_decoder@npm:1.1.1"
  dependencies:
    safe-buffer: ~5.1.0
  checksum: b4f89f3a92fd101b5653ca3c99550e07bdf9e13b35037e9e2a1c7b47cec4e55e06ff3fc468e314a0b5e80bfbaf65c1ca5a84978764884ae9413bec1fc6ca924e
  languageName: node
  linkType: hard

"strip-ansi@npm:^6.0.0, strip-ansi@npm:^6.0.1":
  version: 6.0.1
  resolution: "strip-ansi@npm:6.0.1"
  dependencies:
    ansi-regex: ^5.0.1
  checksum: 1ae5f212a126fe5b167707f716942490e3933085a5ff6c008ab97ab2f272c8025d3aa218b7bd6ab25729ca20cc81cddb252102f8751e13482a5199e873680952
  languageName: node
  linkType: hard

"supports-color@npm:^7.1.0":
  version: 7.2.0
  resolution: "supports-color@npm:7.2.0"
  dependencies:
    has-flag: ^4.0.0
  checksum: afb4c88521b8b136b5f5f95160c98dee7243dc79d5432db7efc27efb219385bbc7d9427398e43dd6cc730a0f87d5085ce1652af7efbe391327bc0a7d0f7fc124
  languageName: node
  linkType: hard

"through2@npm:~2.0.3":
  version: 2.0.5
  resolution: "through2@npm:2.0.5"
  dependencies:
    readable-stream: ~2.3.6
    xtend: ~4.0.1
  checksum: cbfe5b57943fa12b4f8c043658c2a00476216d79c014895cef1ac7a1d9a8b31f6b438d0e53eecbb81054b93128324a82ecd59ec1a4f91f01f7ac113dcb14eade
  languageName: node
  linkType: hard

"through@npm:2.3.8":
  version: 2.3.8
  resolution: "through@npm:2.3.8"
  checksum: 4b09f3774099de0d4df26d95c5821a62faee32c7e96fb1f4ebd54a2d7c11c57fe88b0a0d49cf375de5fee5ae6bf4eb56dbbf29d07366864e2ee805349970d3cc
  languageName: node
  linkType: hard

"type-check@npm:~0.3.2":
  version: 0.3.2
  resolution: "type-check@npm:0.3.2"
  dependencies:
    prelude-ls: ~1.1.2
  checksum: 776217116b2b4e50e368c7ee0c22c0a85e982881c16965b90d52f216bc296d6a52ef74f9202d22158caacc092a7645b0b8d5fe529a96e3fe35d0fb393966c875
  languageName: node
  linkType: hard

"type@npm:^1.0.1":
  version: 1.2.0
  resolution: "type@npm:1.2.0"
  checksum: 444660849aaebef8cbb9bc43b28ec2068952064cfce6a646f88db97aaa2e2d6570c5629cd79238b71ba23aa3f75146a0b96e24e198210ee0089715a6f8889bf7
  languageName: node
  linkType: hard

"type@npm:^2.5.0":
  version: 2.6.0
  resolution: "type@npm:2.6.0"
  checksum: d08063a1c3415140d0b6fd17ede55f373cdd6c5503776693ad5ead574a06404823374d62d6233e43bc30ec22f596b790cbb8661429bed75a75dab986b506ac60
  languageName: node
  linkType: hard

"typedarray@npm:^0.0.6":
  version: 0.0.6
  resolution: "typedarray@npm:0.0.6"
  checksum: 6005cb31df50eef8b1f3c780eb71a17925f3038a100d82f9406ac2ad1de5eb59f8e6decbdc145b3a1f8e5836e17b0c0002fb698b9fe2516b8f9f9ff602d36412
  languageName: node
  linkType: hard

"util-deprecate@npm:~1.0.1":
  version: 1.0.2
  resolution: "util-deprecate@npm:1.0.2"
  checksum: 41a5bdd214df2f6c3ecf8622745e4a366c4adced864bc3c833739791aeeeb1838119af7daed4ba36428114b5c67dcda034a79c882e97e43c03e66a4dd7389942
  languageName: node
  linkType: hard

"word-wrap@npm:~1.2.3":
  version: 1.2.3
  resolution: "word-wrap@npm:1.2.3"
  checksum: 1cb6558996deb22c909330db1f01d672feee41d7f0664492912de3de282da3f28ba2d49e87b723024e99d56ba2dac2f3ab28f8db07ac199f5e5d5e2e437833de
  languageName: node
  linkType: hard

"wrap-ansi@npm:^7.0.0":
  version: 7.0.0
  resolution: "wrap-ansi@npm:7.0.0"
  dependencies:
    ansi-styles: ^4.0.0
    string-width: ^4.1.0
    strip-ansi: ^6.0.0
  checksum: d15fc12c11e4cbc4044a552129ebc75ee3f57aa9c1958373a4db0292d72282f54373b536103987a4a7594db1ef6a4f10acf92978f79b98c49306a4b58c77d4da
  languageName: node
  linkType: hard

"xtend@npm:^4.0.2, xtend@npm:~4.0.1":
  version: 4.0.2
  resolution: "xtend@npm:4.0.2"
  checksum: 366ae4783eec6100f8a02dff02ac907bf29f9a00b82ac0264b4d8b832ead18306797e283cf19de776538babfdcb2101375ec5646b59f08c52128ac4ab812ed0e
  languageName: node
  linkType: hard

"y18n@npm:^5.0.5":
  version: 5.0.8
  resolution: "y18n@npm:5.0.8"
  checksum: 4df2842c36e468590c3691c894bc9cdbac41f520566e76e24f59401ba7d8b4811eb1e34524d57e54bc6d864bcb66baab7ffd9ca42bf1eda596618f9162b91249
  languageName: node
  linkType: hard

"yallist@npm:^4.0.0":
  version: 4.0.0
  resolution: "yallist@npm:4.0.0"
  checksum: 2286b5e8dbfe22204ab66e2ef5cc9bbb1e55dfc873bbe0d568aa943eb255d131890dfd5bf243637273d31119b870f49c18fcde2c6ffbb7a7a092b870dc90625a
  languageName: node
  linkType: hard

"yargs-parser@npm:^21.0.0":
  version: 21.0.1
  resolution: "yargs-parser@npm:21.0.1"
  checksum: 384ca19e113a053bb7858cf47f891e630c10ea6ad91f9ad7cae84ea1cdfb09b155a2d0fa97b51116ee6f01e038faaa6c46964953afecd453fa64a761bb87475f
  languageName: node
  linkType: hard

"yargs@npm:^17.3.1":
  version: 17.3.1
  resolution: "yargs@npm:17.3.1"
  dependencies:
    cliui: ^7.0.2
    escalade: ^3.1.1
    get-caller-file: ^2.0.5
    require-directory: ^2.1.1
    string-width: ^4.2.3
    y18n: ^5.0.5
    yargs-parser: ^21.0.0
  checksum: 2c5ff77132468093a1872b8a9798cdcc5da0bcf7a2b0660264ffa91766324b0926c3346e091d249dc3a86caf7e8e623aa0f8de660c9baf440188d4da7d4378c4
  languageName: node
  linkType: hard
